
Microsoft Visual Studio Solution File, Format Version 12.00
# Visual Studio Version 17
VisualStudioVersion = 17.8.34330.188
MinimumVisualStudioVersion = 10.0.40219.1
Project("{9A19103F-16F7-4668-BE54-9A1E7A4F7556}") = "Virtual Pet Simulator Project", "Virtual Pet Simulator Project\Virtual Pet Simulator Project.csproj", "{48DBED6C-1709-4B5B-A965-D0DFB110BACF}"
EndProject
Project("{2150E333-8FDC-42A3-9474-1A3956D46DE8}") = "Solution Items", "Solution Items", "{54F4D07C-265D-4B78-9E15-A0C723485C38}"
EndProject
Global
	GlobalSection(SolutionConfigurationPlatforms) = preSolution
		Debug|Any CPU = Debug|Any CPU
		Release|Any CPU = Release|Any CPU
	EndGlobalSection
	GlobalSection(ProjectConfigurationPlatforms) = postSolution
		{48DBED6C-1709-4B5B-A965-D0DFB110BACF}.Debug|Any CPU.ActiveCfg = Debug|Any CPU
		{48DBED6C-1709-4B5B-A965-D0DFB110BACF}.Debug|Any CPU.Build.0 = Debug|Any CPU
		{48DBED6C-1709-4B5B-A965-D0DFB110BACF}.Release|Any CPU.ActiveCfg = Release|Any CPU
		{48DBED6C-1709-4B5B-A965-D0DFB110BACF}.Release|Any CPU.Build.0 = Release|Any CPU
	EndGlobalSection
	GlobalSection(SolutionProperties) = preSolution
		HideSolutionNode = FALSE
	EndGlobalSection
	GlobalSection(ExtensibilityGlobals) = postSolution
		SolutionGuid = {F23C7209-F9D6-434D-B60C-2847FA4F2FA3}
	EndGlobalSection
EndGlobal
