
Microsoft Visual Studio Solution File, Format Version 12.00
# Visual Studio Version 17
VisualStudioVersion = 17.8.34330.188
MinimumVisualStudioVersion = 10.0.40219.1
Project("{FAE04EC0-301F-11D3-BF4B-00C04F79EFBC}") = "Virtual Pet Simulator Project", "Virtual Pet Simulator Project\Virtual Pet Simulator Project.csproj", "{48DBED6C-1709-4B5B-A965-D0DFB110BACF}"
EndProject
Global
	GlobalSection(SolutionConfigurationPlatforms) = preSolution
		Debug|Any CPU = Debug|Any CPU
		Release|Any CPU = Release|Any CPU
	EndGlobalSection
	GlobalSection(ProjectConfigurationPlatforms) = postSolution
		{48DBED6C-1709-4B5B-A965-D0DFB110BACF}.Debug|Any CPU.ActiveCfg = Debug|Any CPU
		{48DBED6C-1709-4B5B-A965-D0DFB110BACF}.Debug|Any CPU.Build.0 = Debug|Any CPU
		{48DBED6C-1709-4B5B-A965-D0DFB110BACF}.Release|Any CPU.ActiveCfg = Release|Any CPU
		{48DBED6C-1709-4B5B-A965-D0DFB110BACF}.Release|Any CPU.Build.0 = Release|Any CPU
	EndGlobalSection
	GlobalSection(SolutionProperties) = preSolution
		HideSolutionNode = FALSE
	EndGlobalSection
	GlobalSection(ExtensibilityGlobals) = postSolution
		SolutionGuid = {F23C7209-F9D6-434D-B60C-2847FA4F2FA3}
	EndGlobalSection
EndGlobal
